
Microsoft Visual Studio Solution File, Format Version 12.00
# Visual Studio Version 16
VisualStudioVersion = 16.0.30717.126
MinimumVisualStudioVersion = 10.0.40219.1
Project("{FAE04EC0-301F-11D3-BF4B-00C04F79EFBC}") = "XMLtask", "WindowsFormsApp1\XMLtask.csproj", "{8099035C-8EC6-4A08-A87B-9B25BC4818F0}"
EndProject
Global
	GlobalSection(SolutionConfigurationPlatforms) = preSolution
		Debug|Any CPU = Debug|Any CPU
		Release|Any CPU = Release|Any CPU
	EndGlobalSection
	GlobalSection(ProjectConfigurationPlatforms) = postSolution
		{8099035C-8EC6-4A08-A87B-9B25BC4818F0}.Debug|Any CPU.ActiveCfg = Debug|Any CPU
		{8099035C-8EC6-4A08-A87B-9B25BC4818F0}.Debug|Any CPU.Build.0 = Debug|Any CPU
		{8099035C-8EC6-4A08-A87B-9B25BC4818F0}.Release|Any CPU.ActiveCfg = Release|Any CPU
		{8099035C-8EC6-4A08-A87B-9B25BC4818F0}.Release|Any CPU.Build.0 = Release|Any CPU
	EndGlobalSection
	GlobalSection(SolutionProperties) = preSolution
		HideSolutionNode = FALSE
	EndGlobalSection
	GlobalSection(ExtensibilityGlobals) = postSolution
		SolutionGuid = {5F21C547-6B3F-4521-988E-1B5A666A9A87}
	EndGlobalSection
EndGlobal
